
Microsoft Visual Studio Solution File, Format Version 12.00
Project("{2150E333-8FDC-42A3-9474-1A3956D46DE8}") = "src", "src", "{827E0CD3-B72D-47B6-A68D-7590B98EB39B}"
EndProject
Project("{FAE04EC0-301F-11D3-BF4B-00C04F79EFBC}") = "ShipmentManagement.Api", "src\ShipmentManagement.Api\ShipmentManagement.Api.csproj", "{DB17A8C2-86E0-4CBF-BF63-100EA2B720BC}"
EndProject
Project("{FAE04EC0-301F-11D3-BF4B-00C04F79EFBC}") = "ShipmentManagement.Infrastructure", "src\ShipmentManagement.Infrastructure\ShipmentManagement.Infrastructure.csproj", "{530367B7-C355-469B-AA3E-E22520D4CDE0}"
EndProject
Project("{FAE04EC0-301F-11D3-BF4B-00C04F79EFBC}") = "ShipmentManagement.Application", "src\ShipmentManagement.Application\ShipmentManagement.Application.csproj", "{5535755B-65F6-4A54-91AD-12A3DA361D0F}"
EndProject
Project("{FAE04EC0-301F-11D3-BF4B-00C04F79EFBC}") = "ShipmentManagement.Domain", "src\ShipmentManagement.Domain\ShipmentManagement.Domain.csproj", "{586FE610-628F-4C8C-9FAB-49EBEEE8D1AF}"
EndProject
Project("{2150E333-8FDC-42A3-9474-1A3956D46DE8}") = "tests", "tests", "{079149ED-D070-4908-A0CD-7FED883917FB}"
EndProject
Project("{FAE04EC0-301F-11D3-BF4B-00C04F79EFBC}") = "ShipmentManagement.Application.Tests", "tests\ShipmentManagement.Application.Tests\ShipmentManagement.Application.Tests.csproj", "{884252D4-699F-42EC-BF0B-5E48CE4529DD}"
EndProject
Project("{FAE04EC0-301F-11D3-BF4B-00C04F79EFBC}") = "ShipmentManagement.Testing", "tests\ShipmentManagement.Testing\ShipmentManagement.Testing.csproj", "{7CC918B1-A551-40B3-A83B-9AEB1AF8B9A5}"
EndProject
Global
	GlobalSection(SolutionConfigurationPlatforms) = preSolution
		Debug|Any CPU = Debug|Any CPU
		Debug|x64 = Debug|x64
		Debug|x86 = Debug|x86
		Release|Any CPU = Release|Any CPU
		Release|x64 = Release|x64
		Release|x86 = Release|x86
	EndGlobalSection
	GlobalSection(ProjectConfigurationPlatforms) = postSolution
		{DB17A8C2-86E0-4CBF-BF63-100EA2B720BC}.Debug|Any CPU.ActiveCfg = Debug|Any CPU
		{DB17A8C2-86E0-4CBF-BF63-100EA2B720BC}.Debug|Any CPU.Build.0 = Debug|Any CPU
		{DB17A8C2-86E0-4CBF-BF63-100EA2B720BC}.Debug|x64.ActiveCfg = Debug|Any CPU
		{DB17A8C2-86E0-4CBF-BF63-100EA2B720BC}.Debug|x64.Build.0 = Debug|Any CPU
		{DB17A8C2-86E0-4CBF-BF63-100EA2B720BC}.Debug|x86.ActiveCfg = Debug|Any CPU
		{DB17A8C2-86E0-4CBF-BF63-100EA2B720BC}.Debug|x86.Build.0 = Debug|Any CPU
		{DB17A8C2-86E0-4CBF-BF63-100EA2B720BC}.Release|Any CPU.ActiveCfg = Release|Any CPU
		{DB17A8C2-86E0-4CBF-BF63-100EA2B720BC}.Release|Any CPU.Build.0 = Release|Any CPU
		{DB17A8C2-86E0-4CBF-BF63-100EA2B720BC}.Release|x64.ActiveCfg = Release|Any CPU
		{DB17A8C2-86E0-4CBF-BF63-100EA2B720BC}.Release|x64.Build.0 = Release|Any CPU
		{DB17A8C2-86E0-4CBF-BF63-100EA2B720BC}.Release|x86.ActiveCfg = Release|Any CPU
		{DB17A8C2-86E0-4CBF-BF63-100EA2B720BC}.Release|x86.Build.0 = Release|Any CPU
		{530367B7-C355-469B-AA3E-E22520D4CDE0}.Debug|Any CPU.ActiveCfg = Debug|Any CPU
		{530367B7-C355-469B-AA3E-E22520D4CDE0}.Debug|Any CPU.Build.0 = Debug|Any CPU
		{530367B7-C355-469B-AA3E-E22520D4CDE0}.Debug|x64.ActiveCfg = Debug|Any CPU
		{530367B7-C355-469B-AA3E-E22520D4CDE0}.Debug|x64.Build.0 = Debug|Any CPU
		{530367B7-C355-469B-AA3E-E22520D4CDE0}.Debug|x86.ActiveCfg = Debug|Any CPU
		{530367B7-C355-469B-AA3E-E22520D4CDE0}.Debug|x86.Build.0 = Debug|Any CPU
		{530367B7-C355-469B-AA3E-E22520D4CDE0}.Release|Any CPU.ActiveCfg = Release|Any CPU
		{530367B7-C355-469B-AA3E-E22520D4CDE0}.Release|Any CPU.Build.0 = Release|Any CPU
		{530367B7-C355-469B-AA3E-E22520D4CDE0}.Release|x64.ActiveCfg = Release|Any CPU
		{530367B7-C355-469B-AA3E-E22520D4CDE0}.Release|x64.Build.0 = Release|Any CPU
		{530367B7-C355-469B-AA3E-E22520D4CDE0}.Release|x86.ActiveCfg = Release|Any CPU
		{530367B7-C355-469B-AA3E-E22520D4CDE0}.Release|x86.Build.0 = Release|Any CPU
		{5535755B-65F6-4A54-91AD-12A3DA361D0F}.Debug|Any CPU.ActiveCfg = Debug|Any CPU
		{5535755B-65F6-4A54-91AD-12A3DA361D0F}.Debug|Any CPU.Build.0 = Debug|Any CPU
		{5535755B-65F6-4A54-91AD-12A3DA361D0F}.Debug|x64.ActiveCfg = Debug|Any CPU
		{5535755B-65F6-4A54-91AD-12A3DA361D0F}.Debug|x64.Build.0 = Debug|Any CPU
		{5535755B-65F6-4A54-91AD-12A3DA361D0F}.Debug|x86.ActiveCfg = Debug|Any CPU
		{5535755B-65F6-4A54-91AD-12A3DA361D0F}.Debug|x86.Build.0 = Debug|Any CPU
		{5535755B-65F6-4A54-91AD-12A3DA361D0F}.Release|Any CPU.ActiveCfg = Release|Any CPU
		{5535755B-65F6-4A54-91AD-12A3DA361D0F}.Release|Any CPU.Build.0 = Release|Any CPU
		{5535755B-65F6-4A54-91AD-12A3DA361D0F}.Release|x64.ActiveCfg = Release|Any CPU
		{5535755B-65F6-4A54-91AD-12A3DA361D0F}.Release|x64.Build.0 = Release|Any CPU
		{5535755B-65F6-4A54-91AD-12A3DA361D0F}.Release|x86.ActiveCfg = Release|Any CPU
		{5535755B-65F6-4A54-91AD-12A3DA361D0F}.Release|x86.Build.0 = Release|Any CPU
		{586FE610-628F-4C8C-9FAB-49EBEEE8D1AF}.Debug|Any CPU.ActiveCfg = Debug|Any CPU
		{586FE610-628F-4C8C-9FAB-49EBEEE8D1AF}.Debug|Any CPU.Build.0 = Debug|Any CPU
		{586FE610-628F-4C8C-9FAB-49EBEEE8D1AF}.Debug|x64.ActiveCfg = Debug|Any CPU
		{586FE610-628F-4C8C-9FAB-49EBEEE8D1AF}.Debug|x64.Build.0 = Debug|Any CPU
		{586FE610-628F-4C8C-9FAB-49EBEEE8D1AF}.Debug|x86.ActiveCfg = Debug|Any CPU
		{586FE610-628F-4C8C-9FAB-49EBEEE8D1AF}.Debug|x86.Build.0 = Debug|Any CPU
		{586FE610-628F-4C8C-9FAB-49EBEEE8D1AF}.Release|Any CPU.ActiveCfg = Release|Any CPU
		{586FE610-628F-4C8C-9FAB-49EBEEE8D1AF}.Release|Any CPU.Build.0 = Release|Any CPU
		{586FE610-628F-4C8C-9FAB-49EBEEE8D1AF}.Release|x64.ActiveCfg = Release|Any CPU
		{586FE610-628F-4C8C-9FAB-49EBEEE8D1AF}.Release|x64.Build.0 = Release|Any CPU
		{586FE610-628F-4C8C-9FAB-49EBEEE8D1AF}.Release|x86.ActiveCfg = Release|Any CPU
		{586FE610-628F-4C8C-9FAB-49EBEEE8D1AF}.Release|x86.Build.0 = Release|Any CPU
		{884252D4-699F-42EC-BF0B-5E48CE4529DD}.Debug|Any CPU.ActiveCfg = Debug|Any CPU
		{884252D4-699F-42EC-BF0B-5E48CE4529DD}.Debug|Any CPU.Build.0 = Debug|Any CPU
		{884252D4-699F-42EC-BF0B-5E48CE4529DD}.Debug|x64.ActiveCfg = Debug|Any CPU
		{884252D4-699F-42EC-BF0B-5E48CE4529DD}.Debug|x64.Build.0 = Debug|Any CPU
		{884252D4-699F-42EC-BF0B-5E48CE4529DD}.Debug|x86.ActiveCfg = Debug|Any CPU
		{884252D4-699F-42EC-BF0B-5E48CE4529DD}.Debug|x86.Build.0 = Debug|Any CPU
		{884252D4-699F-42EC-BF0B-5E48CE4529DD}.Release|Any CPU.ActiveCfg = Release|Any CPU
		{884252D4-699F-42EC-BF0B-5E48CE4529DD}.Release|Any CPU.Build.0 = Release|Any CPU
		{884252D4-699F-42EC-BF0B-5E48CE4529DD}.Release|x64.ActiveCfg = Release|Any CPU
		{884252D4-699F-42EC-BF0B-5E48CE4529DD}.Release|x64.Build.0 = Release|Any CPU
		{884252D4-699F-42EC-BF0B-5E48CE4529DD}.Release|x86.ActiveCfg = Release|Any CPU
		{884252D4-699F-42EC-BF0B-5E48CE4529DD}.Release|x86.Build.0 = Release|Any CPU
		{7CC918B1-A551-40B3-A83B-9AEB1AF8B9A5}.Debug|Any CPU.ActiveCfg = Debug|Any CPU
		{7CC918B1-A551-40B3-A83B-9AEB1AF8B9A5}.Debug|Any CPU.Build.0 = Debug|Any CPU
		{7CC918B1-A551-40B3-A83B-9AEB1AF8B9A5}.Debug|x64.ActiveCfg = Debug|Any CPU
		{7CC918B1-A551-40B3-A83B-9AEB1AF8B9A5}.Debug|x64.Build.0 = Debug|Any CPU
		{7CC918B1-A551-40B3-A83B-9AEB1AF8B9A5}.Debug|x86.ActiveCfg = Debug|Any CPU
		{7CC918B1-A551-40B3-A83B-9AEB1AF8B9A5}.Debug|x86.Build.0 = Debug|Any CPU
		{7CC918B1-A551-40B3-A83B-9AEB1AF8B9A5}.Release|Any CPU.ActiveCfg = Release|Any CPU
		{7CC918B1-A551-40B3-A83B-9AEB1AF8B9A5}.Release|Any CPU.Build.0 = Release|Any CPU
		{7CC918B1-A551-40B3-A83B-9AEB1AF8B9A5}.Release|x64.ActiveCfg = Release|Any CPU
		{7CC918B1-A551-40B3-A83B-9AEB1AF8B9A5}.Release|x64.Build.0 = Release|Any CPU
		{7CC918B1-A551-40B3-A83B-9AEB1AF8B9A5}.Release|x86.ActiveCfg = Release|Any CPU
		{7CC918B1-A551-40B3-A83B-9AEB1AF8B9A5}.Release|x86.Build.0 = Release|Any CPU
	EndGlobalSection
	GlobalSection(SolutionProperties) = preSolution
		HideSolutionNode = FALSE
	EndGlobalSection
	GlobalSection(NestedProjects) = preSolution
		{DB17A8C2-86E0-4CBF-BF63-100EA2B720BC} = {827E0CD3-B72D-47B6-A68D-7590B98EB39B}
		{530367B7-C355-469B-AA3E-E22520D4CDE0} = {827E0CD3-B72D-47B6-A68D-7590B98EB39B}
		{5535755B-65F6-4A54-91AD-12A3DA361D0F} = {827E0CD3-B72D-47B6-A68D-7590B98EB39B}
		{586FE610-628F-4C8C-9FAB-49EBEEE8D1AF} = {827E0CD3-B72D-47B6-A68D-7590B98EB39B}
		{884252D4-699F-42EC-BF0B-5E48CE4529DD} = {079149ED-D070-4908-A0CD-7FED883917FB}
		{7CC918B1-A551-40B3-A83B-9AEB1AF8B9A5} = {079149ED-D070-4908-A0CD-7FED883917FB}
	EndGlobalSection
EndGlobal
